
Microsoft Visual Studio Solution File, Format Version 12.00
# Visual Studio Version 17
VisualStudioVersion = 17.2.32630.192
MinimumVisualStudioVersion = 10.0.40219.1
Project("{FAE04EC0-301F-11D3-BF4B-00C04F79EFBC}") = "SandStrider", "SandStrider.csproj", "{608750DC-521D-4030-A825-F0818958649B}"
EndProject
Global
	GlobalSection(SolutionConfigurationPlatforms) = preSolution
		Debug|Any CPU = Debug|Any CPU
		Release|Any CPU = Release|Any CPU
	EndGlobalSection
	GlobalSection(ProjectConfigurationPlatforms) = postSolution
		{608750DC-521D-4030-A825-F0818958649B}.Debug|Any CPU.ActiveCfg = Debug|Any CPU
		{608750DC-521D-4030-A825-F0818958649B}.Debug|Any CPU.Build.0 = Debug|Any CPU
		{608750DC-521D-4030-A825-F0818958649B}.Release|Any CPU.ActiveCfg = Release|Any CPU
		{608750DC-521D-4030-A825-F0818958649B}.Release|Any CPU.Build.0 = Release|Any CPU
	EndGlobalSection
	GlobalSection(SolutionProperties) = preSolution
		HideSolutionNode = FALSE
	EndGlobalSection
	GlobalSection(ExtensibilityGlobals) = postSolution
		SolutionGuid = {3F7886EE-273A-454E-832C-5C379F20D8B9}
	EndGlobalSection
EndGlobal
